// !$*UTF8*$!
{
	archiveVersion = 1;
	classes = {
	};
	objectVersion = 46;
	objects = {

/* Begin PBXBuildFile section */
		021A60C71E72469600D339AC /* constant.swift in Sources */ = {isa = PBXBuildFile; fileRef = 021A60C61E72469600D339AC /* constant.swift */; };
		021AF9F41E76465800874448 /* SearchAutoCompleteVC.swift in Sources */ = {isa = PBXBuildFile; fileRef = 021AF9F21E76465800874448 /* SearchAutoCompleteVC.swift */; };
		021AF9F51E76465800874448 /* SearchAutoCompleteVC.xib in Resources */ = {isa = PBXBuildFile; fileRef = 021AF9F31E76465800874448 /* SearchAutoCompleteVC.xib */; };
		021AF9F81E76487D00874448 /* SearchResultCell.swift in Sources */ = {isa = PBXBuildFile; fileRef = 021AF9F61E76487D00874448 /* SearchResultCell.swift */; };
		021AF9F91E76487D00874448 /* SearchResultCell.xib in Resources */ = {isa = PBXBuildFile; fileRef = 021AF9F71E76487D00874448 /* SearchResultCell.xib */; };
		02AE20C31E75610E00DC2183 /* Model.swift in Sources */ = {isa = PBXBuildFile; fileRef = 02AE20C21E75610E00DC2183 /* Model.swift */; };
		02AE20C51E75733600DC2183 /* Allfunction.swift in Sources */ = {isa = PBXBuildFile; fileRef = 02AE20C41E75733600DC2183 /* Allfunction.swift */; };
		02B7F9B51E70DEC70048E5C2 /* AppDelegate.swift in Sources */ = {isa = PBXBuildFile; fileRef = 02B7F9B41E70DEC70048E5C2 /* AppDelegate.swift */; };
		02B7F9B71E70DEC70048E5C2 /* ViewController.swift in Sources */ = {isa = PBXBuildFile; fileRef = 02B7F9B61E70DEC70048E5C2 /* ViewController.swift */; };
		02B7F9BA1E70DEC70048E5C2 /* Main.storyboard in Resources */ = {isa = PBXBuildFile; fileRef = 02B7F9B81E70DEC70048E5C2 /* Main.storyboard */; };
		02B7F9BC1E70DEC70048E5C2 /* Assets.xcassets in Resources */ = {isa = PBXBuildFile; fileRef = 02B7F9BB1E70DEC70048E5C2 /* Assets.xcassets */; };
		02B7F9BF1E70DEC70048E5C2 /* LaunchScreen.storyboard in Resources */ = {isa = PBXBuildFile; fileRef = 02B7F9BD1E70DEC70048E5C2 /* LaunchScreen.storyboard */; };
		77346B6970E0948594F35439 /* Pods_GooglemapTest.framework in Frameworks */ = {isa = PBXBuildFile; fileRef = DA19500C3671D258906856A0 /* Pods_GooglemapTest.framework */; };
		A7B8E06B1E7293C000331B95 /* MapTask.swift in Sources */ = {isa = PBXBuildFile; fileRef = A7B8E06A1E7293C000331B95 /* MapTask.swift */; };
/* End PBXBuildFile section */

/* Begin PBXFileReference section */
		021A60C61E72469600D339AC /* constant.swift */ = {isa = PBXFileReference; fileEncoding = 4; lastKnownFileType = sourcecode.swift; path = constant.swift; sourceTree = "<group>"; };
		021AF9F21E76465800874448 /* SearchAutoCompleteVC.swift */ = {isa = PBXFileReference; fileEncoding = 4; lastKnownFileType = sourcecode.swift; path = SearchAutoCompleteVC.swift; sourceTree = "<group>"; };
		021AF9F31E76465800874448 /* SearchAutoCompleteVC.xib */ = {isa = PBXFileReference; fileEncoding = 4; lastKnownFileType = file.xib; path = SearchAutoCompleteVC.xib; sourceTree = "<group>"; };
		021AF9F61E76487D00874448 /* SearchResultCell.swift */ = {isa = PBXFileReference; fileEncoding = 4; lastKnownFileType = sourcecode.swift; path = SearchResultCell.swift; sourceTree = "<group>"; };
		021AF9F71E76487D00874448 /* SearchResultCell.xib */ = {isa = PBXFileReference; fileEncoding = 4; lastKnownFileType = file.xib; path = SearchResultCell.xib; sourceTree = "<group>"; };
		02AE20C21E75610E00DC2183 /* Model.swift */ = {isa = PBXFileReference; fileEncoding = 4; lastKnownFileType = sourcecode.swift; path = Model.swift; sourceTree = "<group>"; };
		02AE20C41E75733600DC2183 /* Allfunction.swift */ = {isa = PBXFileReference; fileEncoding = 4; lastKnownFileType = sourcecode.swift; path = Allfunction.swift; sourceTree = "<group>"; };
		02B7F9B11E70DEC70048E5C2 /* GooglemapTest.app */ = {isa = PBXFileReference; explicitFileType = wrapper.application; includeInIndex = 0; path = GooglemapTest.app; sourceTree = BUILT_PRODUCTS_DIR; };
		02B7F9B41E70DEC70048E5C2 /* AppDelegate.swift */ = {isa = PBXFileReference; lastKnownFileType = sourcecode.swift; path = AppDelegate.swift; sourceTree = "<group>"; };
		02B7F9B61E70DEC70048E5C2 /* ViewController.swift */ = {isa = PBXFileReference; lastKnownFileType = sourcecode.swift; path = ViewController.swift; sourceTree = "<group>"; };
		02B7F9B91E70DEC70048E5C2 /* Base */ = {isa = PBXFileReference; lastKnownFileType = file.storyboard; name = Base; path = Base.lproj/Main.storyboard; sourceTree = "<group>"; };
		02B7F9BB1E70DEC70048E5C2 /* Assets.xcassets */ = {isa = PBXFileReference; lastKnownFileType = folder.assetcatalog; path = Assets.xcassets; sourceTree = "<group>"; };
		02B7F9BE1E70DEC70048E5C2 /* Base */ = {isa = PBXFileReference; lastKnownFileType = file.storyboard; name = Base; path = Base.lproj/LaunchScreen.storyboard; sourceTree = "<group>"; };
		02B7F9C01E70DEC80048E5C2 /* Info.plist */ = {isa = PBXFileReference; lastKnownFileType = text.plist.xml; path = Info.plist; sourceTree = "<group>"; };
		899544D93B2FA477CB7FF0CA /* Pods-GooglemapTest.debug.xcconfig */ = {isa = PBXFileReference; includeInIndex = 1; lastKnownFileType = text.xcconfig; name = "Pods-GooglemapTest.debug.xcconfig"; path = "Pods/Target Support Files/Pods-GooglemapTest/Pods-GooglemapTest.debug.xcconfig"; sourceTree = "<group>"; };
		A7B8E06A1E7293C000331B95 /* MapTask.swift */ = {isa = PBXFileReference; fileEncoding = 4; lastKnownFileType = sourcecode.swift; path = MapTask.swift; sourceTree = "<group>"; };
		DA19500C3671D258906856A0 /* Pods_GooglemapTest.framework */ = {isa = PBXFileReference; explicitFileType = wrapper.framework; includeInIndex = 0; path = Pods_GooglemapTest.framework; sourceTree = BUILT_PRODUCTS_DIR; };
		E5D2CB201114DC984861296E /* Pods-GooglemapTest.release.xcconfig */ = {isa = PBXFileReference; includeInIndex = 1; lastKnownFileType = text.xcconfig; name = "Pods-GooglemapTest.release.xcconfig"; path = "Pods/Target Support Files/Pods-GooglemapTest/Pods-GooglemapTest.release.xcconfig"; sourceTree = "<group>"; };
/* End PBXFileReference section */

/* Begin PBXFrameworksBuildPhase section */
		02B7F9AE1E70DEC70048E5C2 /* Frameworks */ = {
			isa = PBXFrameworksBuildPhase;
			buildActionMask = 2147483647;
			files = (
				77346B6970E0948594F35439 /* Pods_GooglemapTest.framework in Frameworks */,
			);
			runOnlyForDeploymentPostprocessing = 0;
		};
/* End PBXFrameworksBuildPhase section */

/* Begin PBXGroup section */
		021AF9FA1E765B1A00874448 /* cell */ = {
			isa = PBXGroup;
			children = (
				021AF9F61E76487D00874448 /* SearchResultCell.swift */,
				021AF9F71E76487D00874448 /* SearchResultCell.xib */,
			);
			name = cell;
			sourceTree = "<group>";
		};
		021AF9FB1E765B2800874448 /* ViewController */ = {
			isa = PBXGroup;
			children = (
				021AF9F21E76465800874448 /* SearchAutoCompleteVC.swift */,
				021AF9F31E76465800874448 /* SearchAutoCompleteVC.xib */,
				02B7F9B61E70DEC70048E5C2 /* ViewController.swift */,
			);
			name = ViewController;
			sourceTree = "<group>";
		};
		021AF9FC1E765B4300874448 /* Utility */ = {
			isa = PBXGroup;
			children = (
				021A60C61E72469600D339AC /* constant.swift */,
				A7B8E06A1E7293C000331B95 /* MapTask.swift */,
			);
			name = Utility;
			sourceTree = "<group>";
		};
		021AF9FD1E765B7900874448 /* Model */ = {
			isa = PBXGroup;
			children = (
				02AE20C21E75610E00DC2183 /* Model.swift */,
			);
			name = Model;
			sourceTree = "<group>";
		};
		021AF9FE1E765B8F00874448 /* FunctionClass */ = {
			isa = PBXGroup;
			children = (
				02AE20C41E75733600DC2183 /* Allfunction.swift */,
			);
			name = FunctionClass;
			sourceTree = "<group>";
		};
		02B7F9A81E70DEC70048E5C2 = {
			isa = PBXGroup;
			children = (
				02B7F9B31E70DEC70048E5C2 /* GooglemapTest */,
				02B7F9B21E70DEC70048E5C2 /* Products */,
				6CAE5D44A9FEDECB15F5DD9E /* Pods */,
				18C19492180FB31B22FB61F2 /* Frameworks */,
			);
			sourceTree = "<group>";
		};
		02B7F9B21E70DEC70048E5C2 /* Products */ = {
			isa = PBXGroup;
			children = (
				02B7F9B11E70DEC70048E5C2 /* GooglemapTest.app */,
			);
			name = Products;
			sourceTree = "<group>";
		};
		02B7F9B31E70DEC70048E5C2 /* GooglemapTest */ = {
			isa = PBXGroup;
			children = (
				021AF9FE1E765B8F00874448 /* FunctionClass */,
				021AF9FD1E765B7900874448 /* Model */,
				021AF9FC1E765B4300874448 /* Utility */,
				021AF9FB1E765B2800874448 /* ViewController */,
				021AF9FA1E765B1A00874448 /* cell */,
				02B7F9B41E70DEC70048E5C2 /* AppDelegate.swift */,
				02B7F9B81E70DEC70048E5C2 /* Main.storyboard */,
				02B7F9BB1E70DEC70048E5C2 /* Assets.xcassets */,
				02B7F9BD1E70DEC70048E5C2 /* LaunchScreen.storyboard */,
				02B7F9C01E70DEC80048E5C2 /* Info.plist */,
			);
			path = GooglemapTest;
			sourceTree = "<group>";
		};
		18C19492180FB31B22FB61F2 /* Frameworks */ = {
			isa = PBXGroup;
			children = (
				DA19500C3671D258906856A0 /* Pods_GooglemapTest.framework */,
			);
			name = Frameworks;
			sourceTree = "<group>";
		};
		6CAE5D44A9FEDECB15F5DD9E /* Pods */ = {
			isa = PBXGroup;
			children = (
				899544D93B2FA477CB7FF0CA /* Pods-GooglemapTest.debug.xcconfig */,
				E5D2CB201114DC984861296E /* Pods-GooglemapTest.release.xcconfig */,
			);
			name = Pods;
			sourceTree = "<group>";
		};
/* End PBXGroup section */

/* Begin PBXNativeTarget section */
		02B7F9B01E70DEC70048E5C2 /* GooglemapTest */ = {
			isa = PBXNativeTarget;
			buildConfigurationList = 02B7F9C31E70DEC80048E5C2 /* Build configuration list for PBXNativeTarget "GooglemapTest" */;
			buildPhases = (
				A5FC9D2DE764D61F20531E1E /* [CP] Check Pods Manifest.lock */,
				02B7F9AD1E70DEC70048E5C2 /* Sources */,
				02B7F9AE1E70DEC70048E5C2 /* Frameworks */,
				02B7F9AF1E70DEC70048E5C2 /* Resources */,
				4592D28CB159EA5CAFA8C65D /* [CP] Embed Pods Frameworks */,
				53E1E5DF24B81597C75C594A /* [CP] Copy Pods Resources */,
			);
			buildRules = (
			);
			dependencies = (
			);
			name = GooglemapTest;
			productName = GooglemapTest;
			productReference = 02B7F9B11E70DEC70048E5C2 /* GooglemapTest.app */;
			productType = "com.apple.product-type.application";
		};
/* End PBXNativeTarget section */

/* Begin PBXProject section */
		02B7F9A91E70DEC70048E5C2 /* Project object */ = {
			isa = PBXProject;
			attributes = {
				LastSwiftUpdateCheck = 0820;
				LastUpgradeCheck = 0820;
				ORGANIZATIONNAME = Cyberk;
				TargetAttributes = {
					02B7F9B01E70DEC70048E5C2 = {
						CreatedOnToolsVersion = 8.2.1;
						DevelopmentTeam = DEE97ABVRX;
						ProvisioningStyle = Automatic;
					};
				};
			};
			buildConfigurationList = 02B7F9AC1E70DEC70048E5C2 /* Build configuration list for PBXProject "GooglemapTest" */;
			compatibilityVersion = "Xcode 3.2";
			developmentRegion = English;
			hasScannedForEncodings = 0;
			knownRegions = (
				en,
				Base,
			);
			mainGroup = 02B7F9A81E70DEC70048E5C2;
			productRefGroup = 02B7F9B21E70DEC70048E5C2 /* Products */;
			projectDirPath = "";
			projectRoot = "";
			targets = (
				02B7F9B01E70DEC70048E5C2 /* GooglemapTest */,
			);
		};
/* End PBXProject section */

/* Begin PBXResourcesBuildPhase section */
		02B7F9AF1E70DEC70048E5C2 /* Resources */ = {
			isa = PBXResourcesBuildPhase;
			buildActionMask = 2147483647;
			files = (
				02B7F9BF1E70DEC70048E5C2 /* LaunchScreen.storyboard in Resources */,
				021AF9F91E76487D00874448 /* SearchResultCell.xib in Resources */,
				02B7F9BC1E70DEC70048E5C2 /* Assets.xcassets in Resources */,
				021AF9F51E76465800874448 /* SearchAutoCompleteVC.xib in Resources */,
				02B7F9BA1E70DEC70048E5C2 /* Main.storyboard in Resources */,
			);
			runOnlyForDeploymentPostprocessing = 0;
		};
/* End PBXResourcesBuildPhase section */

/* Begin PBXShellScriptBuildPhase section */
		4592D28CB159EA5CAFA8C65D /* [CP] Embed Pods Frameworks */ = {
			isa = PBXShellScriptBuildPhase;
			buildActionMask = 2147483647;
			files = (
			);
			inputPaths = (
			);
			name = "[CP] Embed Pods Frameworks";
			outputPaths = (
			);
			runOnlyForDeploymentPostprocessing = 0;
			shellPath = /bin/sh;
			shellScript = "\"${SRCROOT}/Pods/Target Support Files/Pods-GooglemapTest/Pods-GooglemapTest-frameworks.sh\"\n";
			showEnvVarsInLog = 0;
		};
		53E1E5DF24B81597C75C594A /* [CP] Copy Pods Resources */ = {
			isa = PBXShellScriptBuildPhase;
			buildActionMask = 2147483647;
			files = (
			);
			inputPaths = (
			);
			name = "[CP] Copy Pods Resources";
			outputPaths = (
			);
			runOnlyForDeploymentPostprocessing = 0;
			shellPath = /bin/sh;
			shellScript = "\"${SRCROOT}/Pods/Target Support Files/Pods-GooglemapTest/Pods-GooglemapTest-resources.sh\"\n";
			showEnvVarsInLog = 0;
		};
		A5FC9D2DE764D61F20531E1E /* [CP] Check Pods Manifest.lock */ = {
			isa = PBXShellScriptBuildPhase;
			buildActionMask = 2147483647;
			files = (
			);
			inputPaths = (
			);
			name = "[CP] Check Pods Manifest.lock";
			outputPaths = (
			);
			runOnlyForDeploymentPostprocessing = 0;
			shellPath = /bin/sh;
			shellScript = "diff \"${PODS_ROOT}/../Podfile.lock\" \"${PODS_ROOT}/Manifest.lock\" > /dev/null\nif [ $? != 0 ] ; then\n    # print error to STDERR\n    echo \"error: The sandbox is not in sync with the Podfile.lock. Run 'pod install' or update your CocoaPods installation.\" >&2\n    exit 1\nfi\n";
			showEnvVarsInLog = 0;
		};
/* End PBXShellScriptBuildPhase section */

/* Begin PBXSourcesBuildPhase section */
		02B7F9AD1E70DEC70048E5C2 /* Sources */ = {
			isa = PBXSourcesBuildPhase;
			buildActionMask = 2147483647;
			files = (
				02AE20C31E75610E00DC2183 /* Model.swift in Sources */,
				02AE20C51E75733600DC2183 /* Allfunction.swift in Sources */,
				A7B8E06B1E7293C000331B95 /* MapTask.swift in Sources */,
				02B7F9B71E70DEC70048E5C2 /* ViewController.swift in Sources */,
				021AF9F41E76465800874448 /* SearchAutoCompleteVC.swift in Sources */,
				021A60C71E72469600D339AC /* constant.swift in Sources */,
				021AF9F81E76487D00874448 /* SearchResultCell.swift in Sources */,
				02B7F9B51E70DEC70048E5C2 /* AppDelegate.swift in Sources */,
			);
			runOnlyForDeploymentPostprocessing = 0;
		};
/* End PBXSourcesBuildPhase section */

/* Begin PBXVariantGroup section */
		02B7F9B81E70DEC70048E5C2 /* Main.storyboard */ = {
			isa = PBXVariantGroup;
			children = (
				02B7F9B91E70DEC70048E5C2 /* Base */,
			);
			name = Main.storyboard;
			sourceTree = "<group>";
		};
		02B7F9BD1E70DEC70048E5C2 /* LaunchScreen.storyboard */ = {
			isa = PBXVariantGroup;
			children = (
				02B7F9BE1E70DEC70048E5C2 /* Base */,
			);
			name = LaunchScreen.storyboard;
			sourceTree = "<group>";
		};
/* End PBXVariantGroup section */

/* Begin XCBuildConfiguration section */
		02B7F9C11E70DEC80048E5C2 /* Debug */ = {
			isa = XCBuildConfiguration;
			buildSettings = {
				ALWAYS_SEARCH_USER_PATHS = NO;
				CLANG_ANALYZER_NONNULL = YES;
				CLANG_CXX_LANGUAGE_STANDARD = "gnu++0x";
				CLANG_CXX_LIBRARY = "libc++";
				CLANG_ENABLE_MODULES = YES;
				CLANG_ENABLE_OBJC_ARC = YES;
				CLANG_WARN_BOOL_CONVERSION = YES;
				CLANG_WARN_CONSTANT_CONVERSION = YES;
				CLANG_WARN_DIRECT_OBJC_ISA_USAGE = YES_ERROR;
				CLANG_WARN_DOCUMENTATION_COMMENTS = YES;
				CLANG_WARN_EMPTY_BODY = YES;
				CLANG_WARN_ENUM_CONVERSION = YES;
				CLANG_WARN_INFINITE_RECURSION = YES;
				CLANG_WARN_INT_CONVERSION = YES;
				CLANG_WARN_OBJC_ROOT_CLASS = YES_ERROR;
				CLANG_WARN_SUSPICIOUS_MOVE = YES;
				CLANG_WARN_UNREACHABLE_CODE = YES;
				CLANG_WARN__DUPLICATE_METHOD_MATCH = YES;
				"CODE_SIGN_IDENTITY[sdk=iphoneos*]" = "iPhone Developer";
				COPY_PHASE_STRIP = NO;
				DEBUG_INFORMATION_FORMAT = dwarf;
				ENABLE_STRICT_OBJC_MSGSEND = YES;
				ENABLE_TESTABILITY = YES;
				GCC_C_LANGUAGE_STANDARD = gnu99;
				GCC_DYNAMIC_NO_PIC = NO;
				GCC_NO_COMMON_BLOCKS = YES;
				GCC_OPTIMIZATION_LEVEL = 0;
				GCC_PREPROCESSOR_DEFINITIONS = (
					"DEBUG=1",
					"$(inherited)",
				);
				GCC_WARN_64_TO_32_BIT_CONVERSION = YES;
				GCC_WARN_ABOUT_RETURN_TYPE = YES_ERROR;
				GCC_WARN_UNDECLARED_SELECTOR = YES;
				GCC_WARN_UNINITIALIZED_AUTOS = YES_AGGRESSIVE;
				GCC_WARN_UNUSED_FUNCTION = YES;
				GCC_WARN_UNUSED_VARIABLE = YES;
				IPHONEOS_DEPLOYMENT_TARGET = 10.1;
				MTL_ENABLE_DEBUG_INFO = YES;
				ONLY_ACTIVE_ARCH = YES;
				SDKROOT = iphoneos;
				SWIFT_ACTIVE_COMPILATION_CONDITIONS = DEBUG;
				SWIFT_OPTIMIZATION_LEVEL = "-Onone";
				TARGETED_DEVICE_FAMILY = "1,2";
			};
			name = Debug;
		};
		02B7F9C21E70DEC80048E5C2 /* Release */ = {
			isa = XCBuildConfiguration;
			buildSettings = {
				ALWAYS_SEARCH_USER_PATHS = NO;
				CLANG_ANALYZER_NONNULL = YES;
				CLANG_CXX_LANGUAGE_STANDARD = "gnu++0x";
				CLANG_CXX_LIBRARY = "libc++";
				CLANG_ENABLE_MODULES = YES;
				CLANG_ENABLE_OBJC_ARC = YES;
				CLANG_WARN_BOOL_CONVERSION = YES;
				CLANG_WARN_CONSTANT_CONVERSION = YES;
				CLANG_WARN_DIRECT_OBJC_ISA_USAGE = YES_ERROR;
				CLANG_WARN_DOCUMENTATION_COMMENTS = YES;
				CLANG_WARN_EMPTY_BODY = YES;
				CLANG_WARN_ENUM_CONVERSION = YES;
				CLANG_WARN_INFINITE_RECURSION = YES;
				CLANG_WARN_INT_CONVERSION = YES;
				CLANG_WARN_OBJC_ROOT_CLASS = YES_ERROR;
				CLANG_WARN_SUSPICIOUS_MOVE = YES;
				CLANG_WARN_UNREACHABLE_CODE = YES;
				CLANG_WARN__DUPLICATE_METHOD_MATCH = YES;
				"CODE_SIGN_IDENTITY[sdk=iphoneos*]" = "iPhone Developer";
				COPY_PHASE_STRIP = NO;
				DEBUG_INFORMATION_FORMAT = "dwarf-with-dsym";
				ENABLE_NS_ASSERTIONS = NO;
				ENABLE_STRICT_OBJC_MSGSEND = YES;
				GCC_C_LANGUAGE_STANDARD = gnu99;
				GCC_NO_COMMON_BLOCKS = YES;
				GCC_WARN_64_TO_32_BIT_CONVERSION = YES;
				GCC_WARN_ABOUT_RETURN_TYPE = YES_ERROR;
				GCC_WARN_UNDECLARED_SELECTOR = YES;
				GCC_WARN_UNINITIALIZED_AUTOS = YES_AGGRESSIVE;
				GCC_WARN_UNUSED_FUNCTION = YES;
				GCC_WARN_UNUSED_VARIABLE = YES;
				IPHONEOS_DEPLOYMENT_TARGET = 10.1;
				MTL_ENABLE_DEBUG_INFO = NO;
				SDKROOT = iphoneos;
				SWIFT_OPTIMIZATION_LEVEL = "-Owholemodule";
				TARGETED_DEVICE_FAMILY = "1,2";
				VALIDATE_PRODUCT = YES;
			};
			name = Release;
		};
		02B7F9C41E70DEC80048E5C2 /* Debug */ = {
			isa = XCBuildConfiguration;
			baseConfigurationReference = 899544D93B2FA477CB7FF0CA /* Pods-GooglemapTest.debug.xcconfig */;
			buildSettings = {
				ASSETCATALOG_COMPILER_APPICON_NAME = AppIcon;
				"CODE_SIGN_IDENTITY[sdk=iphoneos*]" = "iPhone Developer";
				DEVELOPMENT_TEAM = DEE97ABVRX;
				INFOPLIST_FILE = GooglemapTest/Info.plist;
				LD_RUNPATH_SEARCH_PATHS = "$(inherited) @executable_path/Frameworks";
				PRODUCT_BUNDLE_IDENTIFIER = com.2nt.GooglemapTest;
				PRODUCT_NAME = "$(TARGET_NAME)";
				SWIFT_VERSION = 3.0;
			};
			name = Debug;
		};
		02B7F9C51E70DEC80048E5C2 /* Release */ = {
			isa = XCBuildConfiguration;
			baseConfigurationReference = E5D2CB201114DC984861296E /* Pods-GooglemapTest.release.xcconfig */;
			buildSettings = {
				ASSETCATALOG_COMPILER_APPICON_NAME = AppIcon;
				"CODE_SIGN_IDENTITY[sdk=iphoneos*]" = "iPhone Developer";
				DEVELOPMENT_TEAM = DEE97ABVRX;
				INFOPLIST_FILE = GooglemapTest/Info.plist;
				LD_RUNPATH_SEARCH_PATHS = "$(inherited) @executable_path/Frameworks";
				PRODUCT_BUNDLE_IDENTIFIER = com.2nt.GooglemapTest;
				PRODUCT_NAME = "$(TARGET_NAME)";
				SWIFT_VERSION = 3.0;
			};
			name = Release;
		};
/* End XCBuildConfiguration section */

/* Begin XCConfigurationList section */
		02B7F9AC1E70DEC70048E5C2 /* Build configuration list for PBXProject "GooglemapTest" */ = {
			isa = XCConfigurationList;
			buildConfigurations = (
				02B7F9C11E70DEC80048E5C2 /* Debug */,
				02B7F9C21E70DEC80048E5C2 /* Release */,
			);
			defaultConfigurationIsVisible = 0;
			defaultConfigurationName = Release;
		};
		02B7F9C31E70DEC80048E5C2 /* Build configuration list for PBXNativeTarget "GooglemapTest" */ = {
			isa = XCConfigurationList;
			buildConfigurations = (
				02B7F9C41E70DEC80048E5C2 /* Debug */,
				02B7F9C51E70DEC80048E5C2 /* Release */,
			);
			defaultConfigurationIsVisible = 0;
			defaultConfigurationName = Release;
		};
/* End XCConfigurationList section */
	};
	rootObject = 02B7F9A91E70DEC70048E5C2 /* Project object */;
}
